{
    "_readme": [
        "This file locks the dependencies of your project to a known state",
        "Read more about it at https://getcomposer.org/doc/01-basic-usage.md#composer-lock-the-lock-file",
        "This file is @generated automatically"
    ],
    "content-hash": "9f2f3ccd3970939255b50890d5a1071c",
    "packages": [
        {
            "name": "doctrine/annotations",
            "version": "v1.5.0",
            "source": {
                "type": "git",
                "url": "https://github.com/doctrine/annotations.git",
                "reference": "5beebb01b025c94e93686b7a0ed3edae81fe3e7f"
            },
            "dist": {
                "type": "zip",
                "url": "https://api.github.com/repos/doctrine/annotations/zipball/5beebb01b025c94e93686b7a0ed3edae81fe3e7f",
                "reference": "5beebb01b025c94e93686b7a0ed3edae81fe3e7f",
                "shasum": ""
            },
            "require": {
                "doctrine/lexer": "1.*",
                "php": "^7.1"
            },
            "require-dev": {
                "doctrine/cache": "1.*",
                "phpunit/phpunit": "^5.7"
            },
            "type": "library",
            "extra": {
                "branch-alias": {
                    "dev-master": "1.5.x-dev"
                }
            },
            "autoload": {
                "psr-4": {
                    "Doctrine\\Common\\Annotations\\": "lib/Doctrine/Common/Annotations"
                }
            },
            "notification-url": "https://packagist.org/downloads/",
            "license": [
                "MIT"
            ],
            "authors": [
                {
                    "name": "Roman Borschel",
                    "email": "roman@code-factory.org"
                },
                {
                    "name": "Benjamin Eberlei",
                    "email": "kontakt@beberlei.de"
                },
                {
                    "name": "Guilherme Blanco",
                    "email": "guilhermeblanco@gmail.com"
                },
                {
                    "name": "Jonathan Wage",
                    "email": "jonwage@gmail.com"
                },
                {
                    "name": "Johannes Schmitt",
                    "email": "schmittjoh@gmail.com"
                }
            ],
            "description": "Docblock Annotations Parser",
            "homepage": "http://www.doctrine-project.org",
            "keywords": [
                "annotations",
                "docblock",
                "parser"
            ],
            "time": "2017-07-22T10:58:02+00:00"
        },
        {
            "name": "doctrine/cache",
            "version": "v1.7.0",
            "source": {
                "type": "git",
                "url": "https://github.com/doctrine/cache.git",
                "reference": "53d9518ffeb019c51d542ff60cb578f076d3ff16"
            },
            "dist": {
                "type": "zip",
                "url": "https://api.github.com/repos/doctrine/cache/zipball/53d9518ffeb019c51d542ff60cb578f076d3ff16",
                "reference": "53d9518ffeb019c51d542ff60cb578f076d3ff16",
                "shasum": ""
            },
            "require": {
                "php": "~7.1"
            },
            "conflict": {
                "doctrine/common": ">2.2,<2.4"
            },
            "require-dev": {
                "alcaeus/mongo-php-adapter": "^1.1",
                "mongodb/mongodb": "^1.1",
                "phpunit/phpunit": "^5.7",
                "predis/predis": "~1.0"
            },
            "suggest": {
                "alcaeus/mongo-php-adapter": "Required to use legacy MongoDB driver"
            },
            "type": "library",
            "extra": {
                "branch-alias": {
                    "dev-master": "1.7.x-dev"
                }
            },
            "autoload": {
                "psr-4": {
                    "Doctrine\\Common\\Cache\\": "lib/Doctrine/Common/Cache"
                }
            },
            "notification-url": "https://packagist.org/downloads/",
            "license": [
                "MIT"
            ],
            "authors": [
                {
                    "name": "Roman Borschel",
                    "email": "roman@code-factory.org"
                },
                {
                    "name": "Benjamin Eberlei",
                    "email": "kontakt@beberlei.de"
                },
                {
                    "name": "Guilherme Blanco",
                    "email": "guilhermeblanco@gmail.com"
                },
                {
                    "name": "Jonathan Wage",
                    "email": "jonwage@gmail.com"
                },
                {
                    "name": "Johannes Schmitt",
                    "email": "schmittjoh@gmail.com"
                }
            ],
            "description": "Caching library offering an object-oriented API for many cache backends",
            "homepage": "http://www.doctrine-project.org",
            "keywords": [
                "cache",
                "caching"
            ],
            "time": "2017-07-22T13:00:15+00:00"
        },
        {
            "name": "doctrine/collections",
            "version": "v1.2",
            "source": {
                "type": "git",
                "url": "https://github.com/doctrine/collections.git",
                "reference": "b99c5c46c87126201899afe88ec490a25eedd6a2"
            },
            "dist": {
                "type": "zip",
                "url": "https://api.github.com/repos/doctrine/collections/zipball/b99c5c46c87126201899afe88ec490a25eedd6a2",
                "reference": "b99c5c46c87126201899afe88ec490a25eedd6a2",
                "shasum": ""
            },
            "require": {
                "php": ">=5.3.2"
            },
            "type": "library",
            "extra": {
                "branch-alias": {
                    "dev-master": "1.2.x-dev"
                }
            },
            "autoload": {
                "psr-0": {
                    "Doctrine\\Common\\Collections\\": "lib/"
                }
            },
            "notification-url": "https://packagist.org/downloads/",
            "license": [
                "MIT"
            ],
            "authors": [
                {
                    "name": "Jonathan Wage",
                    "email": "jonwage@gmail.com",
                    "homepage": "http://www.jwage.com/",
                    "role": "Creator"
                },
                {
                    "name": "Guilherme Blanco",
                    "email": "guilhermeblanco@gmail.com",
                    "homepage": "http://www.instaclick.com"
                },
                {
                    "name": "Roman Borschel",
                    "email": "roman@code-factory.org"
                },
                {
                    "name": "Benjamin Eberlei",
                    "email": "kontakt@beberlei.de"
                },
                {
                    "name": "Johannes Schmitt",
                    "email": "schmittjoh@gmail.com",
                    "homepage": "https://github.com/schmittjoh",
                    "role": "Developer of wrapped JMSSerializerBundle"
                }
            ],
            "description": "Collections Abstraction library",
            "homepage": "http://www.doctrine-project.org",
            "keywords": [
                "array",
                "collections",
                "iterator"
            ],
            "time": "2014-02-03T23:07:43+00:00"
        },
        {
            "name": "doctrine/common",
            "version": "v2.8.0",
            "source": {
                "type": "git",
                "url": "https://github.com/doctrine/common.git",
                "reference": "ed349f953d443963c590b008b37b864b8a3c4b21"
            },
            "dist": {
                "type": "zip",
                "url": "https://api.github.com/repos/doctrine/common/zipball/ed349f953d443963c590b008b37b864b8a3c4b21",
                "reference": "ed349f953d443963c590b008b37b864b8a3c4b21",
                "shasum": ""
            },
            "require": {
                "doctrine/annotations": "1.*",
                "doctrine/cache": "1.*",
                "doctrine/collections": "1.*",
                "doctrine/inflector": "1.*",
                "doctrine/lexer": "1.*",
                "php": "~7.1"
            },
            "require-dev": {
                "phpunit/phpunit": "^5.7"
            },
            "type": "library",
            "extra": {
                "branch-alias": {
                    "dev-master": "2.8.x-dev"
                }
            },
            "autoload": {
                "psr-4": {
                    "Doctrine\\Common\\": "lib/Doctrine/Common"
                }
            },
            "notification-url": "https://packagist.org/downloads/",
            "license": [
                "MIT"
            ],
            "authors": [
                {
                    "name": "Roman Borschel",
                    "email": "roman@code-factory.org"
                },
                {
                    "name": "Benjamin Eberlei",
                    "email": "kontakt@beberlei.de"
                },
                {
                    "name": "Guilherme Blanco",
                    "email": "guilhermeblanco@gmail.com"
                },
                {
                    "name": "Jonathan Wage",
                    "email": "jonwage@gmail.com"
                },
                {
                    "name": "Johannes Schmitt",
                    "email": "schmittjoh@gmail.com"
                }
            ],
            "description": "Common Library for Doctrine projects",
            "homepage": "http://www.doctrine-project.org",
            "keywords": [
                "annotations",
                "collections",
                "eventmanager",
                "persistence",
                "spl"
            ],
            "time": "2017-07-22T09:01:43+00:00"
        },
        {
            "name": "doctrine/dbal",
            "version": "v2.6.0",
            "source": {
                "type": "git",
                "url": "https://github.com/doctrine/dbal.git",
                "reference": "498760e55195ccaf08076cb9100a2972ba74c001"
            },
            "dist": {
                "type": "zip",
                "url": "https://api.github.com/repos/doctrine/dbal/zipball/498760e55195ccaf08076cb9100a2972ba74c001",
                "reference": "498760e55195ccaf08076cb9100a2972ba74c001",
                "shasum": ""
            },
            "require": {
                "doctrine/common": "^2.7.1",
                "ext-pdo": "*",
                "php": "^7.1"
            },
            "require-dev": {
                "phpunit/phpunit": "^5.4.6",
                "phpunit/phpunit-mock-objects": "!=3.2.4,!=3.2.5",
                "symfony/console": "2.*||^3.0"
            },
            "suggest": {
                "symfony/console": "For helpful console commands such as SQL execution and import of files."
            },
            "bin": [
                "bin/doctrine-dbal"
            ],
            "type": "library",
            "extra": {
                "branch-alias": {
                    "dev-master": "2.6.x-dev"
                }
            },
            "autoload": {
                "psr-0": {
                    "Doctrine\\DBAL\\": "lib/"
                }
            },
            "notification-url": "https://packagist.org/downloads/",
            "license": [
                "MIT"
            ],
            "authors": [
                {
                    "name": "Roman Borschel",
                    "email": "roman@code-factory.org"
                },
                {
                    "name": "Benjamin Eberlei",
                    "email": "kontakt@beberlei.de"
                },
                {
                    "name": "Guilherme Blanco",
                    "email": "guilhermeblanco@gmail.com"
                },
                {
                    "name": "Jonathan Wage",
                    "email": "jonwage@gmail.com"
                }
            ],
            "description": "Database Abstraction Layer",
            "homepage": "http://www.doctrine-project.org",
            "keywords": [
                "database",
                "dbal",
                "persistence",
                "queryobject"
            ],
            "time": "2017-07-23T01:02:22+00:00"
        },
        {
            "name": "doctrine/inflector",
            "version": "v1.0",
            "source": {
                "type": "git",
                "url": "https://github.com/doctrine/inflector.git",
                "reference": "54b8333d2a5682afdc690060c1cf384ba9f47f08"
            },
            "dist": {
                "type": "zip",
                "url": "https://api.github.com/repos/doctrine/inflector/zipball/54b8333d2a5682afdc690060c1cf384ba9f47f08",
                "reference": "54b8333d2a5682afdc690060c1cf384ba9f47f08",
                "shasum": ""
            },
            "require": {
                "php": ">=5.3.2"
            },
            "type": "library",
            "autoload": {
                "psr-0": {
                    "Doctrine\\Common\\Inflector\\": "lib/"
                }
            },
            "notification-url": "https://packagist.org/downloads/",
            "license": [
                "MIT"
            ],
            "authors": [
                {
                    "name": "Jonathan Wage",
                    "email": "jonwage@gmail.com",
                    "homepage": "http://www.jwage.com/",
                    "role": "Creator"
                },
                {
                    "name": "Guilherme Blanco",
                    "email": "guilhermeblanco@gmail.com",
                    "homepage": "http://www.instaclick.com"
                },
                {
                    "name": "Roman Borschel",
                    "email": "roman@code-factory.org"
                },
                {
                    "name": "Benjamin Eberlei",
                    "email": "kontakt@beberlei.de"
                },
                {
                    "name": "Johannes Schmitt",
                    "email": "schmittjoh@gmail.com",
                    "homepage": "https://github.com/schmittjoh",
                    "role": "Developer of wrapped JMSSerializerBundle"
                }
            ],
            "description": "Common String Manipulations with regard to casing and singular/plural rules.",
            "homepage": "http://www.doctrine-project.org",
            "keywords": [
                "inflection",
                "pluarlize",
                "singuarlize",
                "string"
            ],
            "time": "2013-01-10T21:49:15+00:00"
        },
        {
            "name": "doctrine/instantiator",
            "version": "1.0.4",
            "source": {
                "type": "git",
                "url": "https://github.com/doctrine/instantiator.git",
                "reference": "f976e5de371104877ebc89bd8fecb0019ed9c119"
            },
            "dist": {
                "type": "zip",
                "url": "https://api.github.com/repos/doctrine/instantiator/zipball/f976e5de371104877ebc89bd8fecb0019ed9c119",
                "reference": "f976e5de371104877ebc89bd8fecb0019ed9c119",
                "shasum": ""
            },
            "require": {
                "php": ">=5.3,<8.0-DEV"
            },
            "require-dev": {
                "athletic/athletic": "~0.1.8",
                "ext-pdo": "*",
                "ext-phar": "*",
                "phpunit/phpunit": "~4.0",
                "squizlabs/php_codesniffer": "2.0.*@ALPHA"
            },
            "type": "library",
            "extra": {
                "branch-alias": {
                    "dev-master": "1.0.x-dev"
                }
            },
            "autoload": {
                "psr-0": {
                    "Doctrine\\Instantiator\\": "src"
                }
            },
            "notification-url": "https://packagist.org/downloads/",
            "license": [
                "MIT"
            ],
            "authors": [
                {
                    "name": "Marco Pivetta",
                    "email": "ocramius@gmail.com",
                    "homepage": "http://ocramius.github.com/"
                }
            ],
            "description": "A small, lightweight utility to instantiate objects in PHP without invoking their constructors",
            "homepage": "https://github.com/doctrine/instantiator",
            "keywords": [
                "constructor",
                "instantiate"
            ],
            "time": "2014-10-13T12:58:55+00:00"
        },
        {
            "name": "doctrine/lexer",
            "version": "v1.0",
            "source": {
                "type": "git",
                "url": "https://github.com/doctrine/lexer.git",
                "reference": "2f708a85bb3aab5d99dab8be435abd73e0b18acb"
            },
            "dist": {
                "type": "zip",
                "url": "https://api.github.com/repos/doctrine/lexer/zipball/2f708a85bb3aab5d99dab8be435abd73e0b18acb",
                "reference": "2f708a85bb3aab5d99dab8be435abd73e0b18acb",
                "shasum": ""
            },
            "require": {
                "php": ">=5.3.2"
            },
            "type": "library",
            "autoload": {
                "psr-0": {
                    "Doctrine\\Common\\Lexer\\": "lib/"
                }
            },
            "notification-url": "https://packagist.org/downloads/",
            "license": [
                "MIT"
            ],
            "authors": [
                {
                    "name": "Guilherme Blanco",
                    "email": "guilhermeblanco@gmail.com",
                    "homepage": "http://www.instaclick.com"
                },
                {
                    "name": "Roman Borschel",
                    "email": "roman@code-factory.org"
                },
                {
                    "name": "Johannes Schmitt",
                    "email": "schmittjoh@gmail.com",
                    "homepage": "https://github.com/schmittjoh",
                    "role": "Developer of wrapped JMSSerializerBundle"
                }
            ],
            "description": "Base library for a lexer that can be used in Top-Down, Recursive Descent Parsers.",
            "homepage": "http://www.doctrine-project.org",
            "keywords": [
                "lexer",
                "parser"
            ],
            "time": "2013-01-12T18:59:04+00:00"
        },
        {
            "name": "doctrine/orm",
            "version": "v2.5.11",
            "source": {
                "type": "git",
                "url": "https://github.com/doctrine/doctrine2.git",
                "reference": "249b737094f1e7cba4f0a8d19acf5be6cf3ed504"
            },
            "dist": {
                "type": "zip",
                "url": "https://api.github.com/repos/doctrine/doctrine2/zipball/249b737094f1e7cba4f0a8d19acf5be6cf3ed504",
                "reference": "249b737094f1e7cba4f0a8d19acf5be6cf3ed504",
                "shasum": ""
            },
            "require": {
                "doctrine/cache": "~1.4",
                "doctrine/collections": "~1.2",
                "doctrine/common": ">=2.5-dev,<2.9-dev",
                "doctrine/dbal": ">=2.5-dev,<2.7-dev",
                "doctrine/instantiator": "^1.0.1",
                "ext-pdo": "*",
                "php": ">=5.4",
                "symfony/console": "~2.5|~3.0"
            },
            "require-dev": {
                "phpunit/phpunit": "~4.0",
                "symfony/yaml": "~2.3|~3.0"
            },
            "suggest": {
                "symfony/yaml": "If you want to use YAML Metadata Mapping Driver"
            },
            "bin": [
                "bin/doctrine",
                "bin/doctrine.php"
            ],
            "type": "library",
            "extra": {
                "branch-alias": {
                    "dev-master": "2.6.x-dev"
                }
            },
            "autoload": {
                "psr-0": {
                    "Doctrine\\ORM\\": "lib/"
                }
            },
            "notification-url": "https://packagist.org/downloads/",
            "license": [
                "MIT"
            ],
            "authors": [
                {
                    "name": "Roman Borschel",
                    "email": "roman@code-factory.org"
                },
                {
                    "name": "Benjamin Eberlei",
                    "email": "kontakt@beberlei.de"
                },
                {
                    "name": "Guilherme Blanco",
                    "email": "guilhermeblanco@gmail.com"
                },
                {
                    "name": "Jonathan Wage",
                    "email": "jonwage@gmail.com"
                }
            ],
            "description": "Object-Relational-Mapper for PHP",
            "homepage": "http://www.doctrine-project.org",
            "keywords": [
                "database",
                "orm"
            ],
            "time": "2017-09-18T06:50:20+00:00"
        },
        {
            "name": "nette/di",
            "version": "v3.0.0-alpha1",
            "source": {
                "type": "git",
                "url": "https://github.com/nette/di.git",
                "reference": "5a589e2a6c72ce537684eb8ae98f584c07d73c0a"
            },
            "dist": {
                "type": "zip",
                "url": "https://api.github.com/repos/nette/di/zipball/5a589e2a6c72ce537684eb8ae98f584c07d73c0a",
                "reference": "5a589e2a6c72ce537684eb8ae98f584c07d73c0a",
                "shasum": ""
            },
            "require": {
                "ext-tokenizer": "*",
                "nette/neon": "^2.3.3 || ~3.0.0",
                "nette/php-generator": "^2.5 || ~3.0.0",
                "nette/utils": "^2.4.3 || ~3.0.0",
                "php": ">=7.0"
            },
            "conflict": {
                "nette/bootstrap": "<2.4",
                "nette/nette": "<2.2"
            },
            "require-dev": {
                "nette/tester": "^2.0",
                "tracy/tracy": "^2.3"
            },
            "type": "library",
            "extra": {
                "branch-alias": {
                    "dev-master": "3.0-dev"
                }
            },
            "autoload": {
                "classmap": [
                    "src/"
                ]
            },
            "notification-url": "https://packagist.org/downloads/",
            "license": [
                "BSD-3-Clause",
                "GPL-2.0",
                "GPL-3.0"
            ],
            "authors": [
                {
                    "name": "David Grudl",
                    "homepage": "https://davidgrudl.com"
                },
                {
                    "name": "Nette Community",
                    "homepage": "https://nette.org/contributors"
                }
            ],
            "description": "Nette Dependency Injection Component",
            "homepage": "https://nette.org",
            "time": "2017-02-02T03:11:32+00:00"
        },
        {
            "name": "nette/neon",
            "version": "v2.3.3",
            "source": {
                "type": "git",
                "url": "https://github.com/nette/neon.git",
                "reference": "12bbb0e85ba8521dd291f4df0fe20a1b79aae32c"
            },
            "dist": {
                "type": "zip",
                "url": "https://api.github.com/repos/nette/neon/zipball/12bbb0e85ba8521dd291f4df0fe20a1b79aae32c",
                "reference": "12bbb0e85ba8521dd291f4df0fe20a1b79aae32c",
                "shasum": ""
            },
            "require": {
                "ext-iconv": "*",
                "php": ">=5.3.1"
            },
            "require-dev": {
                "nette/tester": "~1.4"
            },
            "type": "library",
            "autoload": {
                "classmap": [
                    "src/"
                ]
            },
            "notification-url": "https://packagist.org/downloads/",
            "license": [
                "BSD-3-Clause",
                "GPL-2.0",
                "GPL-3.0"
            ],
            "authors": [
                {
                    "name": "David Grudl",
                    "homepage": "http://davidgrudl.com"
                },
                {
                    "name": "Nette Community",
                    "homepage": "http://nette.org/contributors"
                }
            ],
            "description": "Nette NEON: parser & generator for Nette Object Notation",
            "homepage": "http://ne-on.org",
            "time": "2015-08-22T15:23:30+00:00"
        },
        {
            "name": "nette/php-generator",
            "version": "v2.6.0",
            "source": {
                "type": "git",
                "url": "https://github.com/nette/php-generator.git",
                "reference": "eff05975fee1645471d4371b7a0a7acb62a25b15"
            },
            "dist": {
                "type": "zip",
                "url": "https://api.github.com/repos/nette/php-generator/zipball/eff05975fee1645471d4371b7a0a7acb62a25b15",
                "reference": "eff05975fee1645471d4371b7a0a7acb62a25b15",
                "shasum": ""
            },
            "require": {
                "nette/utils": "^2.4.2 || ~3.0.0",
                "php": ">=5.6.0"
            },
            "conflict": {
                "nette/nette": "<2.2"
            },
            "require-dev": {
                "nette/tester": "^2.0",
                "tracy/tracy": "^2.3"
            },
            "type": "library",
            "extra": {
                "branch-alias": {
                    "dev-master": "2.6-dev"
                }
            },
            "autoload": {
                "classmap": [
                    "src/"
                ]
            },
            "notification-url": "https://packagist.org/downloads/",
            "license": [
                "BSD-3-Clause",
                "GPL-2.0",
                "GPL-3.0"
            ],
            "authors": [
                {
                    "name": "David Grudl",
                    "homepage": "https://davidgrudl.com"
                },
                {
                    "name": "Nette Community",
                    "homepage": "https://nette.org/contributors"
                }
            ],
            "description": "Nette PHP Generator",
            "homepage": "https://nette.org",
            "time": "2017-02-24T19:24:08+00:00"
        },
        {
            "name": "nette/utils",
            "version": "v3.0.0-beta1",
            "source": {
                "type": "git",
                "url": "https://github.com/nette/utils.git",
                "reference": "a7f93081cd384056288bc9aa5af72e425e311008"
            },
            "dist": {
                "type": "zip",
                "url": "https://api.github.com/repos/nette/utils/zipball/a7f93081cd384056288bc9aa5af72e425e311008",
                "reference": "a7f93081cd384056288bc9aa5af72e425e311008",
                "shasum": ""
            },
            "require": {
                "php": ">=7.0"
            },
            "conflict": {
                "nette/nette": "<2.2"
            },
            "require-dev": {
                "nette/tester": "~2.0",
                "tracy/tracy": "^2.3"
            },
            "suggest": {
                "ext-gd": "to use Image",
                "ext-iconv": "to use Strings::webalize() and toAscii()",
                "ext-intl": "for script transliteration in Strings::webalize() and toAscii()",
                "ext-json": "to use Nette\\Utils\\Json",
                "ext-mbstring": "to use Strings::lower() etc...",
                "ext-xml": "to use Strings::length() etc. when mbstring is not available"
            },
            "type": "library",
            "extra": {
                "branch-alias": {
                    "dev-master": "3.0-dev"
                }
            },
            "autoload": {
                "classmap": [
                    "src/"
                ]
            },
            "notification-url": "https://packagist.org/downloads/",
            "license": [
                "BSD-3-Clause",
                "GPL-2.0",
                "GPL-3.0"
            ],
            "authors": [
                {
                    "name": "David Grudl",
                    "homepage": "https://davidgrudl.com"
                },
                {
                    "name": "Nette Community",
                    "homepage": "https://nette.org/contributors"
                }
            ],
            "description": "Nette Utility Classes",
            "homepage": "https://nette.org",
            "time": "2017-02-01T23:52:55+00:00"
        },
        {
            "name": "psr/log",
            "version": "1.0.0",
            "source": {
                "type": "git",
                "url": "https://github.com/php-fig/log.git",
                "reference": "fe0936ee26643249e916849d48e3a51d5f5e278b"
            },
            "dist": {
                "type": "zip",
                "url": "https://api.github.com/repos/php-fig/log/zipball/fe0936ee26643249e916849d48e3a51d5f5e278b",
                "reference": "fe0936ee26643249e916849d48e3a51d5f5e278b",
                "shasum": ""
            },
            "type": "library",
            "autoload": {
                "psr-0": {
                    "Psr\\Log\\": ""
                }
            },
            "notification-url": "https://packagist.org/downloads/",
            "license": [
                "MIT"
            ],
            "authors": [
                {
                    "name": "PHP-FIG",
                    "homepage": "http://www.php-fig.org/"
                }
            ],
            "description": "Common interface for logging libraries",
            "keywords": [
                "log",
                "psr",
                "psr-3"
            ],
            "time": "2012-12-21T11:40:51+00:00"
        },
        {
            "name": "symfony/console",
            "version": "3.4.x-dev",
            "source": {
                "type": "git",
                "url": "https://github.com/symfony/console.git",
                "reference": "0f75bd70b53565ab4145020302bae56882962a96"
            },
            "dist": {
                "type": "zip",
                "url": "https://api.github.com/repos/symfony/console/zipball/0f75bd70b53565ab4145020302bae56882962a96",
                "reference": "0f75bd70b53565ab4145020302bae56882962a96",
                "shasum": ""
            },
            "require": {
                "php": "^5.5.9|>=7.0.8",
                "symfony/debug": "~2.8|~3.0|~4.0",
                "symfony/polyfill-mbstring": "~1.0"
            },
            "conflict": {
                "symfony/dependency-injection": "<3.4",
                "symfony/process": "<3.3"
            },
            "require-dev": {
                "psr/log": "~1.0",
                "symfony/config": "~3.3|~4.0",
                "symfony/dependency-injection": "~3.4|~4.0",
                "symfony/event-dispatcher": "~2.8|~3.0|~4.0",
                "symfony/lock": "~3.4|~4.0",
                "symfony/process": "~3.3|~4.0"
            },
            "suggest": {
                "psr/log": "For using the console logger",
                "symfony/event-dispatcher": "",
                "symfony/lock": "",
                "symfony/process": ""
            },
            "type": "library",
            "extra": {
                "branch-alias": {
                    "dev-master": "3.4-dev"
                }
            },
            "autoload": {
                "psr-4": {
                    "Symfony\\Component\\Console\\": ""
                },
                "exclude-from-classmap": [
                    "/Tests/"
                ]
            },
            "notification-url": "https://packagist.org/downloads/",
            "license": [
                "MIT"
            ],
            "authors": [
                {
                    "name": "Fabien Potencier",
                    "email": "fabien@symfony.com"
                },
                {
                    "name": "Symfony Community",
                    "homepage": "https://symfony.com/contributors"
                }
            ],
            "description": "Symfony Console Component",
            "homepage": "https://symfony.com",
            "time": "2017-10-02T07:56:07+00:00"
        },
        {
            "name": "symfony/debug",
            "version": "v2.8.0",
            "source": {
                "type": "git",
                "url": "https://github.com/symfony/debug.git",
                "reference": "d371ecb85254a8dff7f6d843bf49d1197e7d533e"
            },
            "dist": {
                "type": "zip",
                "url": "https://api.github.com/repos/symfony/debug/zipball/d371ecb85254a8dff7f6d843bf49d1197e7d533e",
                "reference": "d371ecb85254a8dff7f6d843bf49d1197e7d533e",
                "shasum": ""
            },
            "require": {
                "php": ">=5.3.9",
                "psr/log": "~1.0"
            },
            "conflict": {
                "symfony/http-kernel": ">=2.3,<2.3.24|~2.4.0|>=2.5,<2.5.9|>=2.6,<2.6.2"
            },
            "require-dev": {
                "symfony/class-loader": "~2.2|~3.0.0",
                "symfony/http-kernel": "~2.3.24|~2.5.9|~2.6,>=2.6.2|~3.0.0"
            },
            "type": "library",
            "extra": {
                "branch-alias": {
                    "dev-master": "2.8-dev"
                }
            },
            "autoload": {
                "psr-4": {
                    "Symfony\\Component\\Debug\\": ""
                },
                "exclude-from-classmap": [
                    "/Tests/"
                ]
            },
            "notification-url": "https://packagist.org/downloads/",
            "license": [
                "MIT"
            ],
            "authors": [
                {
                    "name": "Fabien Potencier",
                    "email": "fabien@symfony.com"
                },
                {
                    "name": "Symfony Community",
                    "homepage": "https://symfony.com/contributors"
                }
            ],
            "description": "Symfony Debug Component",
            "homepage": "https://symfony.com",
            "time": "2015-11-27T05:45:55+00:00"
        },
        {
            "name": "symfony/polyfill-mbstring",
            "version": "v1.0.0",
            "source": {
                "type": "git",
                "url": "https://github.com/symfony/polyfill-mbstring.git",
                "reference": "0b6a8940385311a24e060ec1fe35680e17c74497"
            },
            "dist": {
                "type": "zip",
                "url": "https://api.github.com/repos/symfony/polyfill-mbstring/zipball/0b6a8940385311a24e060ec1fe35680e17c74497",
                "reference": "0b6a8940385311a24e060ec1fe35680e17c74497",
                "shasum": ""
            },
            "require": {
                "php": ">=5.3.3"
            },
            "type": "library",
            "extra": {
                "branch-alias": {
                    "dev-master": "1.0-dev"
                }
            },
            "autoload": {
                "psr-4": {
                    "Symfony\\Polyfill\\Mbstring\\": ""
                },
                "files": [
                    "bootstrap.php"
                ]
            },
            "notification-url": "https://packagist.org/downloads/",
            "license": [
                "MIT"
            ],
            "authors": [
                {
                    "name": "Nicolas Grekas",
                    "email": "p@tchwork.com"
                },
                {
                    "name": "Symfony Community",
                    "homepage": "https://symfony.com/contributors"
                }
            ],
            "description": "Symfony polyfill for the Mbstring extension",
            "homepage": "https://symfony.com",
            "keywords": [
                "compatibility",
                "mbstring",
                "polyfill",
                "portable",
                "shim"
            ],
            "time": "2015-11-04T20:28:58+00:00"
        }
    ],
    "packages-dev": [
        {
            "name": "nette/tester",
            "version": "v2.0.0",
            "source": {
                "type": "git",
                "url": "https://github.com/nette/tester.git",
                "reference": "ee0ad514d66409037a0e72fe798112fd8cdae92e"
            },
            "dist": {
                "type": "zip",
                "url": "https://api.github.com/repos/nette/tester/zipball/ee0ad514d66409037a0e72fe798112fd8cdae92e",
                "reference": "ee0ad514d66409037a0e72fe798112fd8cdae92e",
                "shasum": ""
            },
            "require": {
                "php": ">=5.6.0"
            },
            "bin": [
                "src/tester"
            ],
            "type": "library",
            "extra": {
                "branch-alias": {
                    "dev-master": "2.0-dev"
                }
            },
            "autoload": {
                "classmap": [
                    "src/"
                ]
            },
            "notification-url": "https://packagist.org/downloads/",
            "license": [
                "BSD-3-Clause",
                "GPL-2.0",
                "GPL-3.0"
            ],
            "authors": [
                {
                    "name": "David Grudl",
                    "homepage": "https://davidgrudl.com"
                },
                {
                    "name": "Nette Community",
                    "homepage": "https://nette.org/contributors"
                }
            ],
            "description": "Nette Tester: enjoyable unit testing in PHP with code coverage reporter. 🍏🍏🍎🍏",
            "homepage": "https://tester.nette.org",
            "keywords": [
                "Xdebug",
                "assertions",
                "clover",
                "code coverage",
                "nette",
                "phpdbg",
                "phpunit",
                "testing",
                "unit"
            ],
            "time": "2017-08-22T06:46:57+00:00"
        },
        {
            "name": "tracy/tracy",
            "version": "v2.2.0",
            "source": {
                "type": "git",
                "url": "https://github.com/nette/tracy.git",
                "reference": "ac474bb6f5282f7b1d1c409e1317d2e803a386cb"
            },
            "dist": {
                "type": "zip",
                "url": "https://api.github.com/repos/nette/tracy/zipball/ac474bb6f5282f7b1d1c409e1317d2e803a386cb",
                "reference": "ac474bb6f5282f7b1d1c409e1317d2e803a386cb",
                "shasum": ""
            },
            "require": {
                "php": ">=5.3.1"
            },
            "require-dev": {
                "nette/tester": "~1.0"
            },
            "type": "library",
            "autoload": {
                "classmap": [
                    "src/Tracy"
                ],
                "files": [
                    "src/shortcuts.php"
                ]
            },
            "notification-url": "https://packagist.org/downloads/",
            "license": [
                "BSD-3-Clause",
                "GPL-2.0",
                "GPL-3.0"
            ],
            "authors": [
                {
                    "name": "David Grudl",
                    "homepage": "http://davidgrudl.com"
                },
                {
                    "name": "Nette Community",
                    "homepage": "http://nette.org/contributors"
                }
            ],
            "description": "Tracy: useful PHP debugger",
            "homepage": "http://tracy.nette.org",
            "keywords": [
                "debug",
                "debugger",
                "nette"
            ],
            "time": "2014-05-12T15:43:35+00:00"
        }
    ],
    "aliases": [],
    "minimum-stability": "dev",
    "stability-flags": [],
    "prefer-stable": true,
    "prefer-lowest": true,
    "platform": {
        "php": ">=7.1",
        "ext-mbstring": "*",
        "ext-tokenizer": "*",
        "ext-pdo": "*"
    },
    "platform-dev": []
}
